
Microsoft Visual Studio Solution File, Format Version 12.00
# Visual Studio 14
VisualStudioVersion = 14.0.25420.1
MinimumVisualStudioVersion = 10.0.40219.1
Project("{FAE04EC0-301F-11D3-BF4B-00C04F79EFBC}") = "InstagramPhotosCollection", "InstagramPhotosCollection\InstagramPhotosCollection.csproj", "{A8783980-3ABB-418D-8D9B-E611BFA755FB}"
EndProject
Project("{2150E333-8FDC-42A3-9474-1A3956D46DE8}") = "00 UI", "00 UI", "{B5B0A7BF-58BB-4FC5-B6C0-A8913AE8612F}"
EndProject
Project("{2150E333-8FDC-42A3-9474-1A3956D46DE8}") = "01 Application", "01 Application", "{B9DA10C2-3D88-4FA1-B62E-C5BB59687771}"
EndProject
Project("{2150E333-8FDC-42A3-9474-1A3956D46DE8}") = "02 Service", "02 Service", "{E7EA2296-4BCF-424D-90A2-057E2698E55E}"
EndProject
Project("{2150E333-8FDC-42A3-9474-1A3956D46DE8}") = "03 Business", "03 Business", "{DC4997C5-AD2F-4AB2-852B-87B6487D37E6}"
EndProject
Project("{2150E333-8FDC-42A3-9474-1A3956D46DE8}") = "04 Data", "04 Data", "{F9E7FFA5-F02D-413C-8B2F-2A12D0619D76}"
EndProject
Project("{2150E333-8FDC-42A3-9474-1A3956D46DE8}") = "05 Utility", "05 Utility", "{22925D67-BD75-4AC9-AAA9-AE4CFB06CD02}"
EndProject
Project("{2150E333-8FDC-42A3-9474-1A3956D46DE8}") = "06 Tools", "06 Tools", "{E38BB95D-4C9F-4C82-BF7E-BE800164CFC7}"
EndProject
Project("{2150E333-8FDC-42A3-9474-1A3956D46DE8}") = "07 Solution Items", "07 Solution Items", "{AEBC48E8-44FC-4BB3-B1E6-6A7E4B149382}"
	ProjectSection(SolutionItems) = preProject
		readme.txt = readme.txt
	EndProjectSection
EndProject
Project("{FAE04EC0-301F-11D3-BF4B-00C04F79EFBC}") = "WebAPI", "WebAPI\WebAPI.csproj", "{458496E9-35FE-40D7-A61D-85BD9F7FAB25}"
EndProject
Project("{FAE04EC0-301F-11D3-BF4B-00C04F79EFBC}") = "QueryModel", "QueryModel\QueryModel.csproj", "{5E952773-9AD4-43F8-B1CC-80AA1CBFD9B7}"
EndProject
Project("{FAE04EC0-301F-11D3-BF4B-00C04F79EFBC}") = "Service", "Service\Service.csproj", "{CB22B79B-5240-44C1-B1A2-5294BB16F9C4}"
EndProject
Project("{FAE04EC0-301F-11D3-BF4B-00C04F79EFBC}") = "Service.Interface", "Service.Interface\Service.Interface.csproj", "{067F53F2-2FA9-4968-A73B-869F1DC09144}"
EndProject
Project("{FAE04EC0-301F-11D3-BF4B-00C04F79EFBC}") = "ViewModel", "ViewModel\ViewModel.csproj", "{A6966944-1CDC-4D42-ABBF-72D240524B2E}"
EndProject
Project("{FAE04EC0-301F-11D3-BF4B-00C04F79EFBC}") = "Service.BLL", "Service.BLL\Service.BLL.csproj", "{F6C7CDE2-F51D-44FF-AA0B-E603BB65D3C4}"
EndProject
Project("{FAE04EC0-301F-11D3-BF4B-00C04F79EFBC}") = "CodeGender", "CodeGender\CodeGender.csproj", "{1FB55336-7B40-42A6-9408-196412E75C9B}"
EndProject
Project("{FAE04EC0-301F-11D3-BF4B-00C04F79EFBC}") = "InstagramPhotos.Domain", "InstagramPhotos.Domain\InstagramPhotos.Domain.csproj", "{ACF54B68-0BCA-4ED6-8102-CD084A173487}"
EndProject
Project("{FAE04EC0-301F-11D3-BF4B-00C04F79EFBC}") = "InstagramPhotos.Repository", "InstagramPhotos.Repository\InstagramPhotos.Repository.csproj", "{0D155A76-955E-4BCF-A8FF-F03A8EE9319D}"
EndProject
Project("{FAE04EC0-301F-11D3-BF4B-00C04F79EFBC}") = "InstagramPhotos.Utility", "InstagramPhotos.Utility\InstagramPhotos.Utility.csproj", "{1FF0E241-38A7-4154-BC1C-45AC437AEEA9}"
EndProject
Project("{FAE04EC0-301F-11D3-BF4B-00C04F79EFBC}") = "InstagramPhotos.Task.Consoles", "InstagramPhotos.Task.Console\InstagramPhotos.Task.Consoles.csproj", "{F9284E10-415F-49E9-92D2-FB91CD09086B}"
EndProject
Project("{FAE04EC0-301F-11D3-BF4B-00C04F79EFBC}") = "InstagramPhotos.Task.Download", "InstagramPhotos.Task.Download\InstagramPhotos.Task.Download.csproj", "{AFE13F4C-3346-4FD0-A11B-171F962ADCDC}"
EndProject
Global
	GlobalSection(SolutionConfigurationPlatforms) = preSolution
		Debug|Any CPU = Debug|Any CPU
		Release|Any CPU = Release|Any CPU
	EndGlobalSection
	GlobalSection(ProjectConfigurationPlatforms) = postSolution
		{A8783980-3ABB-418D-8D9B-E611BFA755FB}.Debug|Any CPU.ActiveCfg = Debug|Any CPU
		{A8783980-3ABB-418D-8D9B-E611BFA755FB}.Debug|Any CPU.Build.0 = Debug|Any CPU
		{A8783980-3ABB-418D-8D9B-E611BFA755FB}.Release|Any CPU.ActiveCfg = Release|Any CPU
		{A8783980-3ABB-418D-8D9B-E611BFA755FB}.Release|Any CPU.Build.0 = Release|Any CPU
		{458496E9-35FE-40D7-A61D-85BD9F7FAB25}.Debug|Any CPU.ActiveCfg = Debug|Any CPU
		{458496E9-35FE-40D7-A61D-85BD9F7FAB25}.Debug|Any CPU.Build.0 = Debug|Any CPU
		{458496E9-35FE-40D7-A61D-85BD9F7FAB25}.Release|Any CPU.ActiveCfg = Release|Any CPU
		{458496E9-35FE-40D7-A61D-85BD9F7FAB25}.Release|Any CPU.Build.0 = Release|Any CPU
		{5E952773-9AD4-43F8-B1CC-80AA1CBFD9B7}.Debug|Any CPU.ActiveCfg = Debug|Any CPU
		{5E952773-9AD4-43F8-B1CC-80AA1CBFD9B7}.Debug|Any CPU.Build.0 = Debug|Any CPU
		{5E952773-9AD4-43F8-B1CC-80AA1CBFD9B7}.Release|Any CPU.ActiveCfg = Release|Any CPU
		{5E952773-9AD4-43F8-B1CC-80AA1CBFD9B7}.Release|Any CPU.Build.0 = Release|Any CPU
		{CB22B79B-5240-44C1-B1A2-5294BB16F9C4}.Debug|Any CPU.ActiveCfg = Debug|Any CPU
		{CB22B79B-5240-44C1-B1A2-5294BB16F9C4}.Debug|Any CPU.Build.0 = Debug|Any CPU
		{CB22B79B-5240-44C1-B1A2-5294BB16F9C4}.Release|Any CPU.ActiveCfg = Release|Any CPU
		{CB22B79B-5240-44C1-B1A2-5294BB16F9C4}.Release|Any CPU.Build.0 = Release|Any CPU
		{067F53F2-2FA9-4968-A73B-869F1DC09144}.Debug|Any CPU.ActiveCfg = Debug|Any CPU
		{067F53F2-2FA9-4968-A73B-869F1DC09144}.Debug|Any CPU.Build.0 = Debug|Any CPU
		{067F53F2-2FA9-4968-A73B-869F1DC09144}.Release|Any CPU.ActiveCfg = Release|Any CPU
		{067F53F2-2FA9-4968-A73B-869F1DC09144}.Release|Any CPU.Build.0 = Release|Any CPU
		{A6966944-1CDC-4D42-ABBF-72D240524B2E}.Debug|Any CPU.ActiveCfg = Debug|Any CPU
		{A6966944-1CDC-4D42-ABBF-72D240524B2E}.Debug|Any CPU.Build.0 = Debug|Any CPU
		{A6966944-1CDC-4D42-ABBF-72D240524B2E}.Release|Any CPU.ActiveCfg = Release|Any CPU
		{A6966944-1CDC-4D42-ABBF-72D240524B2E}.Release|Any CPU.Build.0 = Release|Any CPU
		{F6C7CDE2-F51D-44FF-AA0B-E603BB65D3C4}.Debug|Any CPU.ActiveCfg = Debug|Any CPU
		{F6C7CDE2-F51D-44FF-AA0B-E603BB65D3C4}.Debug|Any CPU.Build.0 = Debug|Any CPU
		{F6C7CDE2-F51D-44FF-AA0B-E603BB65D3C4}.Release|Any CPU.ActiveCfg = Release|Any CPU
		{F6C7CDE2-F51D-44FF-AA0B-E603BB65D3C4}.Release|Any CPU.Build.0 = Release|Any CPU
		{1FB55336-7B40-42A6-9408-196412E75C9B}.Debug|Any CPU.ActiveCfg = Debug|Any CPU
		{1FB55336-7B40-42A6-9408-196412E75C9B}.Debug|Any CPU.Build.0 = Debug|Any CPU
		{1FB55336-7B40-42A6-9408-196412E75C9B}.Release|Any CPU.ActiveCfg = Release|Any CPU
		{1FB55336-7B40-42A6-9408-196412E75C9B}.Release|Any CPU.Build.0 = Release|Any CPU
		{ACF54B68-0BCA-4ED6-8102-CD084A173487}.Debug|Any CPU.ActiveCfg = Debug|Any CPU
		{ACF54B68-0BCA-4ED6-8102-CD084A173487}.Debug|Any CPU.Build.0 = Debug|Any CPU
		{ACF54B68-0BCA-4ED6-8102-CD084A173487}.Release|Any CPU.ActiveCfg = Release|Any CPU
		{ACF54B68-0BCA-4ED6-8102-CD084A173487}.Release|Any CPU.Build.0 = Release|Any CPU
		{0D155A76-955E-4BCF-A8FF-F03A8EE9319D}.Debug|Any CPU.ActiveCfg = Debug|Any CPU
		{0D155A76-955E-4BCF-A8FF-F03A8EE9319D}.Debug|Any CPU.Build.0 = Debug|Any CPU
		{0D155A76-955E-4BCF-A8FF-F03A8EE9319D}.Release|Any CPU.ActiveCfg = Release|Any CPU
		{0D155A76-955E-4BCF-A8FF-F03A8EE9319D}.Release|Any CPU.Build.0 = Release|Any CPU
		{1FF0E241-38A7-4154-BC1C-45AC437AEEA9}.Debug|Any CPU.ActiveCfg = Debug|Any CPU
		{1FF0E241-38A7-4154-BC1C-45AC437AEEA9}.Debug|Any CPU.Build.0 = Debug|Any CPU
		{1FF0E241-38A7-4154-BC1C-45AC437AEEA9}.Release|Any CPU.ActiveCfg = Release|Any CPU
		{1FF0E241-38A7-4154-BC1C-45AC437AEEA9}.Release|Any CPU.Build.0 = Release|Any CPU
		{F9284E10-415F-49E9-92D2-FB91CD09086B}.Debug|Any CPU.ActiveCfg = Debug|Any CPU
		{F9284E10-415F-49E9-92D2-FB91CD09086B}.Debug|Any CPU.Build.0 = Debug|Any CPU
		{F9284E10-415F-49E9-92D2-FB91CD09086B}.Release|Any CPU.ActiveCfg = Release|Any CPU
		{F9284E10-415F-49E9-92D2-FB91CD09086B}.Release|Any CPU.Build.0 = Release|Any CPU
		{AFE13F4C-3346-4FD0-A11B-171F962ADCDC}.Debug|Any CPU.ActiveCfg = Debug|Any CPU
		{AFE13F4C-3346-4FD0-A11B-171F962ADCDC}.Debug|Any CPU.Build.0 = Debug|Any CPU
		{AFE13F4C-3346-4FD0-A11B-171F962ADCDC}.Release|Any CPU.ActiveCfg = Release|Any CPU
		{AFE13F4C-3346-4FD0-A11B-171F962ADCDC}.Release|Any CPU.Build.0 = Release|Any CPU
	EndGlobalSection
	GlobalSection(SolutionProperties) = preSolution
		HideSolutionNode = FALSE
	EndGlobalSection
	GlobalSection(NestedProjects) = preSolution
		{A8783980-3ABB-418D-8D9B-E611BFA755FB} = {B9DA10C2-3D88-4FA1-B62E-C5BB59687771}
		{458496E9-35FE-40D7-A61D-85BD9F7FAB25} = {B9DA10C2-3D88-4FA1-B62E-C5BB59687771}
		{5E952773-9AD4-43F8-B1CC-80AA1CBFD9B7} = {E7EA2296-4BCF-424D-90A2-057E2698E55E}
		{CB22B79B-5240-44C1-B1A2-5294BB16F9C4} = {E7EA2296-4BCF-424D-90A2-057E2698E55E}
		{067F53F2-2FA9-4968-A73B-869F1DC09144} = {E7EA2296-4BCF-424D-90A2-057E2698E55E}
		{A6966944-1CDC-4D42-ABBF-72D240524B2E} = {E7EA2296-4BCF-424D-90A2-057E2698E55E}
		{F6C7CDE2-F51D-44FF-AA0B-E603BB65D3C4} = {DC4997C5-AD2F-4AB2-852B-87B6487D37E6}
		{1FB55336-7B40-42A6-9408-196412E75C9B} = {E38BB95D-4C9F-4C82-BF7E-BE800164CFC7}
		{ACF54B68-0BCA-4ED6-8102-CD084A173487} = {F9E7FFA5-F02D-413C-8B2F-2A12D0619D76}
		{0D155A76-955E-4BCF-A8FF-F03A8EE9319D} = {F9E7FFA5-F02D-413C-8B2F-2A12D0619D76}
		{1FF0E241-38A7-4154-BC1C-45AC437AEEA9} = {22925D67-BD75-4AC9-AAA9-AE4CFB06CD02}
		{F9284E10-415F-49E9-92D2-FB91CD09086B} = {B9DA10C2-3D88-4FA1-B62E-C5BB59687771}
		{AFE13F4C-3346-4FD0-A11B-171F962ADCDC} = {B9DA10C2-3D88-4FA1-B62E-C5BB59687771}
	EndGlobalSection
EndGlobal
